# THIS IS AN AUTOGENERATED FILE. DO NOT EDIT THIS FILE DIRECTLY.
# yarn lockfile v1


isolated-vm@4.3.2:
  version "4.3.2"
  resolved "https://registry.yarnpkg.com/isolated-vm/-/isolated-vm-4.3.2.tgz#8ddbe8a024b3b6c01901534aa256018d34b49bdd"
  integrity sha512-ENBKkW+ViWq3Dor7rXA/6/sl7Pp/bn8vw6zAPsriXQqd9+uagrV3triiv0AO8HyerSqa3kymGteNq+zOvung6Q==
